Microsoft Visual Studio Solution File, Format Version 12.00
# Visual Studio Version 17
VisualStudioVersion = 17.0.31903.59
MinimumVisualStudioVersion = 10.0.40219.1
Project("{FAE04EC0-301F-11D3-BF4B-00C04F79EFBC}") = "GitSvnShuttle.Core", "src\GitSvnShuttle.Core\GitSvnShuttle.Core.csproj", "{11D7868B-7823-4A7F-9B51-C8976B2A8E0A}"
EndProject
Project("{FAE04EC0-301F-11D3-BF4B-00C04F79EFBC}") = "GitSvnShuttle.Vsix", "src\GitSvnShuttle.Vsix\GitSvnShuttle.Vsix.csproj", "{739A1B62-475E-4E3A-A59B-7DD1E5AC96A5}"
EndProject
Project("{FAE04EC0-301F-11D3-BF4B-00C04F79EFBC}") = "GitSvnShuttle.Core.Tests", "tests\GitSvnShuttle.Core.Tests\GitSvnShuttle.Core.Tests.csproj", "{B85E1D13-171A-4032-B012-419408C63DAE}"
EndProject
Global
	GlobalSection(SolutionConfigurationPlatforms) = preSolution
		Debug|Any CPU = Debug|Any CPU
		Release|Any CPU = Release|Any CPU
	EndGlobalSection
	GlobalSection(ProjectConfigurationPlatforms) = postSolution
		{11D7868B-7823-4A7F-9B51-C8976B2A8E0A}.Debug|Any CPU.ActiveCfg = Debug|Any CPU
		{11D7868B-7823-4A7F-9B51-C8976B2A8E0A}.Debug|Any CPU.Build.0 = Debug|Any CPU
		{11D7868B-7823-4A7F-9B51-C8976B2A8E0A}.Release|Any CPU.ActiveCfg = Release|Any CPU
		{11D7868B-7823-4A7F-9B51-C8976B2A8E0A}.Release|Any CPU.Build.0 = Release|Any CPU
		{739A1B62-475E-4E3A-A59B-7DD1E5AC96A5}.Debug|Any CPU.ActiveCfg = Debug|Any CPU
		{739A1B62-475E-4E3A-A59B-7DD1E5AC96A5}.Debug|Any CPU.Build.0 = Debug|Any CPU
		{739A1B62-475E-4E3A-A59B-7DD1E5AC96A5}.Release|Any CPU.ActiveCfg = Release|Any CPU
		{739A1B62-475E-4E3A-A59B-7DD1E5AC96A5}.Release|Any CPU.Build.0 = Release|Any CPU
		{B85E1D13-171A-4032-B012-419408C63DAE}.Debug|Any CPU.ActiveCfg = Debug|Any CPU
		{B85E1D13-171A-4032-B012-419408C63DAE}.Debug|Any CPU.Build.0 = Debug|Any CPU
		{B85E1D13-171A-4032-B012-419408C63DAE}.Release|Any CPU.ActiveCfg = Release|Any CPU
		{B85E1D13-171A-4032-B012-419408C63DAE}.Release|Any CPU.Build.0 = Release|Any CPU
	EndGlobalSection
EndGlobal
